// !$*UTF8*$!
{
	archiveVersion = 1;
	classes = {
	};
	objectVersion = 46;
	objects = {

/* Begin PBXBuildFile section */
		4EB7413F16EC78D0003EA047 /* ApplicationServices.framework in Frameworks */ = {isa = PBXBuildFile; fileRef = 4EB7413E16EC78D0003EA047 /* ApplicationServices.framework */; };
		4EB7414116EC78D0003EA047 /* Foundation.framework in Frameworks */ = {isa = PBXBuildFile; fileRef = 4EB7414016EC78D0003EA047 /* Foundation.framework */; };
		4EB7414316EC78D0003EA047 /* QuartzCore.framework in Frameworks */ = {isa = PBXBuildFile; fileRef = 4EB7414216EC78D0003EA047 /* QuartzCore.framework */; };
		4EB7414516EC78D0003EA047 /* CoreFoundation.framework in Frameworks */ = {isa = PBXBuildFile; fileRef = 4EB7414416EC78D0003EA047 /* CoreFoundation.framework */; };
		4EB7414B16EC78D0003EA047 /* InfoPlist.strings in Resources */ = {isa = PBXBuildFile; fileRef = 4EB7414916EC78D0003EA047 /* InfoPlist.strings */; };
		4EB7414E16EC78D0003EA047 /* MercatorPlugInLoader.m in Sources */ = {isa = PBXBuildFile; fileRef = 4EB7414D16EC78D0003EA047 /* MercatorPlugInLoader.m */; };
		4EB7415116EC78D0003EA047 /* MercatorFilter.m in Sources */ = {isa = PBXBuildFile; fileRef = 4EB7415016EC78D0003EA047 /* MercatorFilter.m */; };
		4EB7415316EC78D0003EA047 /* index.html in Resources */ = {isa = PBXBuildFile; fileRef = 4EB7415216EC78D0003EA047 /* index.html */; };
		4EB7415516EC78D0003EA047 /* Description.plist in Resources */ = {isa = PBXBuildFile; fileRef = 4EB7415416EC78D0003EA047 /* Description.plist */; };
		4EB7415816EC78D0003EA047 /* Description.strings in Resources */ = {isa = PBXBuildFile; fileRef = 4EB7415616EC78D0003EA047 /* Description.strings */; };
		4EB7415A16EC78D0003EA047 /* MercatorFilterKernel.cikernel in Resources */ = {isa = PBXBuildFile; fileRef = 4EB7415916EC78D0003EA047 /* MercatorFilterKernel.cikernel */; };
/* End PBXBuildFile section */

/* Begin PBXFileReference section */
		4EB7413B16EC78D0003EA047 /* Mercator.plugin */ = {isa = PBXFileReference; explicitFileType = wrapper.cfbundle; includeInIndex = 0; path = Mercator.plugin; sourceTree = BUILT_PRODUCTS_DIR; };
		4EB7413E16EC78D0003EA047 /* ApplicationServices.framework */ = {isa = PBXFileReference; lastKnownFileType = wrapper.framework; name = ApplicationServices.framework; path = System/Library/Frameworks/ApplicationServices.framework; sourceTree = SDKROOT; };
		4EB7414016EC78D0003EA047 /* Foundation.framework */ = {isa = PBXFileReference; lastKnownFileType = wrapper.framework; name = Foundation.framework; path = System/Library/Frameworks/Foundation.framework; sourceTree = SDKROOT; };
		4EB7414216EC78D0003EA047 /* QuartzCore.framework */ = {isa = PBXFileReference; lastKnownFileType = wrapper.framework; name = QuartzCore.framework; path = System/Library/Frameworks/QuartzCore.framework; sourceTree = SDKROOT; };
		4EB7414416EC78D0003EA047 /* CoreFoundation.framework */ = {isa = PBXFileReference; lastKnownFileType = wrapper.framework; name = CoreFoundation.framework; path = System/Library/Frameworks/CoreFoundation.framework; sourceTree = SDKROOT; };
		4EB7414816EC78D0003EA047 /* Mercator-Info.plist */ = {isa = PBXFileReference; lastKnownFileType = text.plist.xml; path = "Mercator-Info.plist"; sourceTree = "<group>"; };
		4EB7414A16EC78D0003EA047 /* en */ = {isa = PBXFileReference; lastKnownFileType = text.plist.strings; name = en; path = en.lproj/InfoPlist.strings; sourceTree = "<group>"; };
		4EB7414C16EC78D0003EA047 /* MercatorPlugInLoader.h */ = {isa = PBXFileReference; lastKnownFileType = sourcecode.c.h; path = MercatorPlugInLoader.h; sourceTree = "<group>"; };
		4EB7414D16EC78D0003EA047 /* MercatorPlugInLoader.m */ = {isa = PBXFileReference; lastKnownFileType = sourcecode.c.objc; path = MercatorPlugInLoader.m; sourceTree = "<group>"; };
		4EB7414F16EC78D0003EA047 /* MercatorFilter.h */ = {isa = PBXFileReference; lastKnownFileType = sourcecode.c.h; path = MercatorFilter.h; sourceTree = "<group>"; };
		4EB7415016EC78D0003EA047 /* MercatorFilter.m */ = {isa = PBXFileReference; lastKnownFileType = sourcecode.c.objc; path = MercatorFilter.m; sourceTree = "<group>"; };
		4EB7415216EC78D0003EA047 /* index.html */ = {isa = PBXFileReference; lastKnownFileType = text.html; path = index.html; sourceTree = "<group>"; };
		4EB7415416EC78D0003EA047 /* Description.plist */ = {isa = PBXFileReference; lastKnownFileType = text.plist.xml; path = Description.plist; sourceTree = "<group>"; };
		4EB7415716EC78D0003EA047 /* en */ = {isa = PBXFileReference; lastKnownFileType = text.plist.strings; name = en; path = en.lproj/Description.strings; sourceTree = "<group>"; };
		4EB7415916EC78D0003EA047 /* MercatorFilterKernel.cikernel */ = {isa = PBXFileReference; lastKnownFileType = text; path = MercatorFilterKernel.cikernel; sourceTree = "<group>"; };
		4EB7415B16EC78D0003EA047 /* Mercator-Prefix.pch */ = {isa = PBXFileReference; lastKnownFileType = sourcecode.c.h; path = "Mercator-Prefix.pch"; sourceTree = "<group>"; };
/* End PBXFileReference section */

/* Begin PBXFrameworksBuildPhase section */
		4EB7413616EC78D0003EA047 /* Frameworks */ = {
			isa = PBXFrameworksBuildPhase;
			buildActionMask = 2147483647;
			files = (
				4EB7413F16EC78D0003EA047 /* ApplicationServices.framework in Frameworks */,
				4EB7414116EC78D0003EA047 /* Foundation.framework in Frameworks */,
				4EB7414316EC78D0003EA047 /* QuartzCore.framework in Frameworks */,
				4EB7414516EC78D0003EA047 /* CoreFoundation.framework in Frameworks */,
			);
			runOnlyForDeploymentPostprocessing = 0;
		};
/* End PBXFrameworksBuildPhase section */

/* Begin PBXGroup section */
		4EB7413016EC78D0003EA047 = {
			isa = PBXGroup;
			children = (
				4EB7414616EC78D0003EA047 /* Mercator */,
				4EB7413D16EC78D0003EA047 /* Frameworks */,
				4EB7413C16EC78D0003EA047 /* Products */,
			);
			sourceTree = "<group>";
		};
		4EB7413C16EC78D0003EA047 /* Products */ = {
			isa = PBXGroup;
			children = (
				4EB7413B16EC78D0003EA047 /* Mercator.plugin */,
			);
			name = Products;
			sourceTree = "<group>";
		};
		4EB7413D16EC78D0003EA047 /* Frameworks */ = {
			isa = PBXGroup;
			children = (
				4EB7413E16EC78D0003EA047 /* ApplicationServices.framework */,
				4EB7414016EC78D0003EA047 /* Foundation.framework */,
				4EB7414216EC78D0003EA047 /* QuartzCore.framework */,
				4EB7414416EC78D0003EA047 /* CoreFoundation.framework */,
			);
			name = Frameworks;
			sourceTree = "<group>";
		};
		4EB7414616EC78D0003EA047 /* Mercator */ = {
			isa = PBXGroup;
			children = (
				4EB7414C16EC78D0003EA047 /* MercatorPlugInLoader.h */,
				4EB7414D16EC78D0003EA047 /* MercatorPlugInLoader.m */,
				4EB7414F16EC78D0003EA047 /* MercatorFilter.h */,
				4EB7415016EC78D0003EA047 /* MercatorFilter.m */,
				4EB7415216EC78D0003EA047 /* index.html */,
				4EB7415416EC78D0003EA047 /* Description.plist */,
				4EB7415616EC78D0003EA047 /* Description.strings */,
				4EB7415916EC78D0003EA047 /* MercatorFilterKernel.cikernel */,
				4EB7414716EC78D0003EA047 /* Supporting Files */,
			);
			path = Mercator;
			sourceTree = "<group>";
		};
		4EB7414716EC78D0003EA047 /* Supporting Files */ = {
			isa = PBXGroup;
			children = (
				4EB7414816EC78D0003EA047 /* Mercator-Info.plist */,
				4EB7414916EC78D0003EA047 /* InfoPlist.strings */,
				4EB7415B16EC78D0003EA047 /* Mercator-Prefix.pch */,
			);
			name = "Supporting Files";
			sourceTree = "<group>";
		};
/* End PBXGroup section */

/* Begin PBXHeadersBuildPhase section */
		4EB7413716EC78D0003EA047 /* Headers */ = {
			isa = PBXHeadersBuildPhase;
			buildActionMask = 2147483647;
			files = (
			);
			runOnlyForDeploymentPostprocessing = 0;
		};
/* End PBXHeadersBuildPhase section */

/* Begin PBXNativeTarget section */
		4EB7413A16EC78D0003EA047 /* Mercator */ = {
			isa = PBXNativeTarget;
			buildConfigurationList = 4EB7415E16EC78D0003EA047 /* Build configuration list for PBXNativeTarget "Mercator" */;
			buildPhases = (
				4EB7413516EC78D0003EA047 /* Sources */,
				4EB7413616EC78D0003EA047 /* Frameworks */,
				4EB7413716EC78D0003EA047 /* Headers */,
				4EB7413816EC78D0003EA047 /* Resources */,
				4EB7413916EC78D0003EA047 /* Rez */,
			);
			buildRules = (
			);
			dependencies = (
			);
			name = Mercator;
			productName = Mercator;
			productReference = 4EB7413B16EC78D0003EA047 /* Mercator.plugin */;
			productType = "com.apple.product-type.bundle";
		};
/* End PBXNativeTarget section */

/* Begin PBXProject section */
		4EB7413116EC78D0003EA047 /* Project object */ = {
			isa = PBXProject;
			attributes = {
				LastUpgradeCheck = 0460;
				ORGANIZATIONNAME = "William MacKay";
			};
			buildConfigurationList = 4EB7413416EC78D0003EA047 /* Build configuration list for PBXProject "Mercator" */;
			compatibilityVersion = "Xcode 3.2";
			developmentRegion = English;
			hasScannedForEncodings = 0;
			knownRegions = (
				en,
			);
			mainGroup = 4EB7413016EC78D0003EA047;
			productRefGroup = 4EB7413C16EC78D0003EA047 /* Products */;
			projectDirPath = "";
			projectRoot = "";
			targets = (
				4EB7413A16EC78D0003EA047 /* Mercator */,
			);
		};
/* End PBXProject section */

/* Begin PBXResourcesBuildPhase section */
		4EB7413816EC78D0003EA047 /* Resources */ = {
			isa = PBXResourcesBuildPhase;
			buildActionMask = 2147483647;
			files = (
				4EB7414B16EC78D0003EA047 /* InfoPlist.strings in Resources */,
				4EB7415316EC78D0003EA047 /* index.html in Resources */,
				4EB7415516EC78D0003EA047 /* Description.plist in Resources */,
				4EB7415816EC78D0003EA047 /* Description.strings in Resources */,
				4EB7415A16EC78D0003EA047 /* MercatorFilterKernel.cikernel in Resources */,
			);
			runOnlyForDeploymentPostprocessing = 0;
		};
/* End PBXResourcesBuildPhase section */

/* Begin PBXRezBuildPhase section */
		4EB7413916EC78D0003EA047 /* Rez */ = {
			isa = PBXRezBuildPhase;
			buildActionMask = 2147483647;
			files = (
			);
			runOnlyForDeploymentPostprocessing = 0;
		};
/* End PBXRezBuildPhase section */

/* Begin PBXSourcesBuildPhase section */
		4EB7413516EC78D0003EA047 /* Sources */ = {
			isa = PBXSourcesBuildPhase;
			buildActionMask = 2147483647;
			files = (
				4EB7414E16EC78D0003EA047 /* MercatorPlugInLoader.m in Sources */,
				4EB7415116EC78D0003EA047 /* MercatorFilter.m in Sources */,
			);
			runOnlyForDeploymentPostprocessing = 0;
		};
/* End PBXSourcesBuildPhase section */

/* Begin PBXVariantGroup section */
		4EB7414916EC78D0003EA047 /* InfoPlist.strings */ = {
			isa = PBXVariantGroup;
			children = (
				4EB7414A16EC78D0003EA047 /* en */,
			);
			name = InfoPlist.strings;
			sourceTree = "<group>";
		};
		4EB7415616EC78D0003EA047 /* Description.strings */ = {
			isa = PBXVariantGroup;
			children = (
				4EB7415716EC78D0003EA047 /* en */,
			);
			name = Description.strings;
			sourceTree = "<group>";
		};
/* End PBXVariantGroup section */

/* Begin XCBuildConfiguration section */
		4EB7415C16EC78D0003EA047 /* Debug */ = {
			isa = XCBuildConfiguration;
			buildSettings = {
				ALWAYS_SEARCH_USER_PATHS = NO;
				ARCHS = "$(ARCHS_STANDARD_64_BIT)";
				CLANG_ENABLE_OBJC_ARC = YES;
				CLANG_WARN_CONSTANT_CONVERSION = YES;
				CLANG_WARN_EMPTY_BODY = YES;
				CLANG_WARN_ENUM_CONVERSION = YES;
				CLANG_WARN_IMPLICIT_SIGN_CONVERSION = YES;
				CLANG_WARN_INT_CONVERSION = YES;
				CLANG_WARN_SUSPICIOUS_IMPLICIT_CONVERSION = YES;
				CLANG_WARN__DUPLICATE_METHOD_MATCH = YES;
				COPY_PHASE_STRIP = NO;
				GCC_DYNAMIC_NO_PIC = NO;
				GCC_ENABLE_OBJC_EXCEPTIONS = NO;
				GCC_FAST_MATH = YES;
				GCC_OPTIMIZATION_LEVEL = 0;
				GCC_PREPROCESSOR_DEFINITIONS = (
					"DEBUG=1",
					"$(inherited)",
				);
				GCC_SYMBOLS_PRIVATE_EXTERN = NO;
				GCC_TREAT_IMPLICIT_FUNCTION_DECLARATIONS_AS_ERRORS = YES;
				GCC_TREAT_INCOMPATIBLE_POINTER_TYPE_WARNINGS_AS_ERRORS = YES;
				GCC_WARN_64_TO_32_BIT_CONVERSION = YES;
				GCC_WARN_ABOUT_MISSING_FIELD_INITIALIZERS = YES;
				GCC_WARN_ABOUT_MISSING_NEWLINE = YES;
				GCC_WARN_ABOUT_MISSING_PROTOTYPES = YES;
				GCC_WARN_ABOUT_RETURN_TYPE = YES;
				GCC_WARN_FOUR_CHARACTER_CONSTANTS = YES;
				GCC_WARN_INITIALIZER_NOT_FULLY_BRACKETED = YES;
				GCC_WARN_SHADOW = YES;
				GCC_WARN_SIGN_COMPARE = YES;
				GCC_WARN_UNINITIALIZED_AUTOS = YES;
				GCC_WARN_UNKNOWN_PRAGMAS = YES;
				GCC_WARN_UNUSED_FUNCTION = YES;
				GCC_WARN_UNUSED_LABEL = YES;
				GCC_WARN_UNUSED_VARIABLE = YES;
				MACOSX_DEPLOYMENT_TARGET = 10.6;
				ONLY_ACTIVE_ARCH = YES;
				SDKROOT = macosx;
			};
			name = Debug;
		};
		4EB7415D16EC78D0003EA047 /* Release */ = {
			isa = XCBuildConfiguration;
			buildSettings = {
				ALWAYS_SEARCH_USER_PATHS = NO;
				ARCHS = "$(ARCHS_STANDARD_64_BIT)";
				CLANG_ENABLE_OBJC_ARC = YES;
				CLANG_WARN_CONSTANT_CONVERSION = YES;
				CLANG_WARN_EMPTY_BODY = YES;
				CLANG_WARN_ENUM_CONVERSION = YES;
				CLANG_WARN_IMPLICIT_SIGN_CONVERSION = YES;
				CLANG_WARN_INT_CONVERSION = YES;
				CLANG_WARN_SUSPICIOUS_IMPLICIT_CONVERSION = YES;
				CLANG_WARN__DUPLICATE_METHOD_MATCH = YES;
				COPY_PHASE_STRIP = YES;
				GCC_ENABLE_OBJC_EXCEPTIONS = NO;
				GCC_FAST_MATH = YES;
				GCC_TREAT_IMPLICIT_FUNCTION_DECLARATIONS_AS_ERRORS = YES;
				GCC_TREAT_INCOMPATIBLE_POINTER_TYPE_WARNINGS_AS_ERRORS = YES;
				GCC_WARN_64_TO_32_BIT_CONVERSION = YES;
				GCC_WARN_ABOUT_MISSING_FIELD_INITIALIZERS = YES;
				GCC_WARN_ABOUT_MISSING_NEWLINE = YES;
				GCC_WARN_ABOUT_MISSING_PROTOTYPES = YES;
				GCC_WARN_ABOUT_RETURN_TYPE = YES;
				GCC_WARN_FOUR_CHARACTER_CONSTANTS = YES;
				GCC_WARN_INITIALIZER_NOT_FULLY_BRACKETED = YES;
				GCC_WARN_SHADOW = YES;
				GCC_WARN_SIGN_COMPARE = YES;
				GCC_WARN_UNINITIALIZED_AUTOS = YES;
				GCC_WARN_UNKNOWN_PRAGMAS = YES;
				GCC_WARN_UNUSED_FUNCTION = YES;
				GCC_WARN_UNUSED_LABEL = YES;
				GCC_WARN_UNUSED_VARIABLE = YES;
				MACOSX_DEPLOYMENT_TARGET = 10.6;
				SDKROOT = macosx;
			};
			name = Release;
		};
		4EB7415F16EC78D0003EA047 /* Debug */ = {
			isa = XCBuildConfiguration;
			buildSettings = {
				COMBINE_HIDPI_IMAGES = YES;
				GCC_PRECOMPILE_PREFIX_HEADER = YES;
				GCC_PREFIX_HEADER = "Mercator/Mercator-Prefix.pch";
				INFOPLIST_FILE = "Mercator/Mercator-Info.plist";
				INSTALL_PATH = "$(HOME)/Library/Graphics/Image Units";
				LIBRARY_STYLE = BUNDLE;
				PRODUCT_NAME = "$(TARGET_NAME)";
				WRAPPER_EXTENSION = plugin;
			};
			name = Debug;
		};
		4EB7416016EC78D0003EA047 /* Release */ = {
			isa = XCBuildConfiguration;
			buildSettings = {
				COMBINE_HIDPI_IMAGES = YES;
				GCC_PRECOMPILE_PREFIX_HEADER = YES;
				GCC_PREFIX_HEADER = "Mercator/Mercator-Prefix.pch";
				INFOPLIST_FILE = "Mercator/Mercator-Info.plist";
				INSTALL_PATH = "$(HOME)/Library/Graphics/Image Units";
				LIBRARY_STYLE = BUNDLE;
				PRODUCT_NAME = "$(TARGET_NAME)";
				WRAPPER_EXTENSION = plugin;
			};
			name = Release;
		};
/* End XCBuildConfiguration section */

/* Begin XCConfigurationList section */
		4EB7413416EC78D0003EA047 /* Build configuration list for PBXProject "Mercator" */ = {
			isa = XCConfigurationList;
			buildConfigurations = (
				4EB7415C16EC78D0003EA047 /* Debug */,
				4EB7415D16EC78D0003EA047 /* Release */,
			);
			defaultConfigurationIsVisible = 0;
			defaultConfigurationName = Release;
		};
		4EB7415E16EC78D0003EA047 /* Build configuration list for PBXNativeTarget "Mercator" */ = {
			isa = XCConfigurationList;
			buildConfigurations = (
				4EB7415F16EC78D0003EA047 /* Debug */,
				4EB7416016EC78D0003EA047 /* Release */,
			);
			defaultConfigurationIsVisible = 0;
			defaultConfigurationName = Release;
		};
/* End XCConfigurationList section */
	};
	rootObject = 4EB7413116EC78D0003EA047 /* Project object */;
}
